
Microsoft Visual Studio Solution File, Format Version 12.00
# Visual Studio 15
VisualStudioVersion = 15.0.27428.2027
MinimumVisualStudioVersion = 10.0.40219.1
Project("{FAE04EC0-301F-11D3-BF4B-00C04F79EFBC}") = "ConsoleApp1", "ConsoleApp1\ConsoleApp1.csproj", "{A5407E84-97BD-4DF5-877F-132411A0B27A}"
EndProject
Global
	GlobalSection(SolutionConfigurationPlatforms) = preSolution
		Debug|Any CPU = Debug|Any CPU
		Release|Any CPU = Release|Any CPU
	EndGlobalSection
	GlobalSection(ProjectConfigurationPlatforms) = postSolution
		{A5407E84-97BD-4DF5-877F-132411A0B27A}.Debug|Any CPU.ActiveCfg = Debug|Any CPU
		{A5407E84-97BD-4DF5-877F-132411A0B27A}.Debug|Any CPU.Build.0 = Debug|Any CPU
		{A5407E84-97BD-4DF5-877F-132411A0B27A}.Release|Any CPU.ActiveCfg = Release|Any CPU
		{A5407E84-97BD-4DF5-877F-132411A0B27A}.Release|Any CPU.Build.0 = Release|Any CPU
	EndGlobalSection
	GlobalSection(SolutionProperties) = preSolution
		HideSolutionNode = FALSE
	EndGlobalSection
	GlobalSection(ExtensibilityGlobals) = postSolution
		SolutionGuid = {05852964-8233-4B8C-904C-98F63CBD42AF}
	EndGlobalSection
EndGlobal
